
Microsoft Visual Studio Solution File, Format Version 12.00
# Visual Studio Version 16
VisualStudioVersion = 16.0.31205.134
MinimumVisualStudioVersion = 10.0.40219.1
Project("{FAE04EC0-301F-11D3-BF4B-00C04F79EFBC}") = "Contoso", "Contoso\Contoso.csproj", "{13461217-FCC2-492E-89EF-870A45741CF1}"
EndProject
Global
	GlobalSection(SolutionConfigurationPlatforms) = preSolution
		Debug|Any CPU = Debug|Any CPU
		Release|Any CPU = Release|Any CPU
	EndGlobalSection
	GlobalSection(ProjectConfigurationPlatforms) = postSolution
		{13461217-FCC2-492E-89EF-870A45741CF1}.Debug|Any CPU.ActiveCfg = Debug|Any CPU
		{13461217-FCC2-492E-89EF-870A45741CF1}.Debug|Any CPU.Build.0 = Debug|Any CPU
		{13461217-FCC2-492E-89EF-870A45741CF1}.Release|Any CPU.ActiveCfg = Release|Any CPU
		{13461217-FCC2-492E-89EF-870A45741CF1}.Release|Any CPU.Build.0 = Release|Any CPU
	EndGlobalSection
	GlobalSection(SolutionProperties) = preSolution
		HideSolutionNode = FALSE
	EndGlobalSection
	GlobalSection(ExtensibilityGlobals) = postSolution
		SolutionGuid = {309AE166-2FD2-466D-ACD9-9776AF19E559}
	EndGlobalSection
EndGlobal
